
Microsoft Visual Studio Solution File, Format Version 12.00
# Visual Studio Version 17
VisualStudioVersion = 17.4.33205.214
MinimumVisualStudioVersion = 10.0.40219.1
Project("{FAE04EC0-301F-11D3-BF4B-00C04F79EFBC}") = "DamagePopups", "DamagePopups.csproj", "{93153029-950E-454E-B769-5BAF2900BDE3}"
EndProject
Global
	GlobalSection(SolutionConfigurationPlatforms) = preSolution
		Debug|Any CPU = Debug|Any CPU
		Release|Any CPU = Release|Any CPU
	EndGlobalSection
	GlobalSection(ProjectConfigurationPlatforms) = postSolution
		{93153029-950E-454E-B769-5BAF2900BDE3}.Debug|Any CPU.ActiveCfg = Debug|Any CPU
		{93153029-950E-454E-B769-5BAF2900BDE3}.Debug|Any CPU.Build.0 = Debug|Any CPU
		{93153029-950E-454E-B769-5BAF2900BDE3}.Release|Any CPU.ActiveCfg = Release|Any CPU
		{93153029-950E-454E-B769-5BAF2900BDE3}.Release|Any CPU.Build.0 = Release|Any CPU
	EndGlobalSection
	GlobalSection(SolutionProperties) = preSolution
		HideSolutionNode = FALSE
	EndGlobalSection
	GlobalSection(ExtensibilityGlobals) = postSolution
		SolutionGuid = {EAFABE72-6D13-49B1-ADE5-49E79308AC57}
	EndGlobalSection
EndGlobal
